
Microsoft Visual Studio Solution File, Format Version 12.00
# Visual Studio Version 17
VisualStudioVersion = 17.4.33122.133
MinimumVisualStudioVersion = 10.0.40219.1
Project("{9A19103F-16F7-4668-BE54-9A1E7A4F7556}") = "Client", "Project1\Client.csproj", "{C4611AC5-6798-42AF-973A-46713C7BAA6B}"
EndProject
Project("{FAE04EC0-301F-11D3-BF4B-00C04F79EFBC}") = "Domain", "Domain\Domain.csproj", "{F7B69AF5-1329-46A3-846D-6BD4D6A83880}"
EndProject
Project("{FAE04EC0-301F-11D3-BF4B-00C04F79EFBC}") = "Infrastructure", "Infrastructure\Infrastructure.csproj", "{C49ABD2B-7EC8-4397-86FA-094CB53731F2}"
EndProject
Project("{FAE04EC0-301F-11D3-BF4B-00C04F79EFBC}") = "Application", "Application\Application.csproj", "{B71BDF21-2F13-45EA-BF49-632582B14A21}"
EndProject
Global
	GlobalSection(SolutionConfigurationPlatforms) = preSolution
		Debug|Any CPU = Debug|Any CPU
		Release|Any CPU = Release|Any CPU
	EndGlobalSection
	GlobalSection(ProjectConfigurationPlatforms) = postSolution
		{C4611AC5-6798-42AF-973A-46713C7BAA6B}.Debug|Any CPU.ActiveCfg = Debug|Any CPU
		{C4611AC5-6798-42AF-973A-46713C7BAA6B}.Debug|Any CPU.Build.0 = Debug|Any CPU
		{C4611AC5-6798-42AF-973A-46713C7BAA6B}.Release|Any CPU.ActiveCfg = Release|Any CPU
		{C4611AC5-6798-42AF-973A-46713C7BAA6B}.Release|Any CPU.Build.0 = Release|Any CPU
		{F7B69AF5-1329-46A3-846D-6BD4D6A83880}.Debug|Any CPU.ActiveCfg = Debug|Any CPU
		{F7B69AF5-1329-46A3-846D-6BD4D6A83880}.Debug|Any CPU.Build.0 = Debug|Any CPU
		{F7B69AF5-1329-46A3-846D-6BD4D6A83880}.Release|Any CPU.ActiveCfg = Release|Any CPU
		{F7B69AF5-1329-46A3-846D-6BD4D6A83880}.Release|Any CPU.Build.0 = Release|Any CPU
		{C49ABD2B-7EC8-4397-86FA-094CB53731F2}.Debug|Any CPU.ActiveCfg = Debug|Any CPU
		{C49ABD2B-7EC8-4397-86FA-094CB53731F2}.Debug|Any CPU.Build.0 = Debug|Any CPU
		{C49ABD2B-7EC8-4397-86FA-094CB53731F2}.Release|Any CPU.ActiveCfg = Release|Any CPU
		{C49ABD2B-7EC8-4397-86FA-094CB53731F2}.Release|Any CPU.Build.0 = Release|Any CPU
		{B71BDF21-2F13-45EA-BF49-632582B14A21}.Debug|Any CPU.ActiveCfg = Debug|Any CPU
		{B71BDF21-2F13-45EA-BF49-632582B14A21}.Debug|Any CPU.Build.0 = Debug|Any CPU
		{B71BDF21-2F13-45EA-BF49-632582B14A21}.Release|Any CPU.ActiveCfg = Release|Any CPU
		{B71BDF21-2F13-45EA-BF49-632582B14A21}.Release|Any CPU.Build.0 = Release|Any CPU
	EndGlobalSection
	GlobalSection(SolutionProperties) = preSolution
		HideSolutionNode = FALSE
	EndGlobalSection
	GlobalSection(ExtensibilityGlobals) = postSolution
		SolutionGuid = {D12926F3-7602-4BF2-A435-22A3890F254F}
	EndGlobalSection
EndGlobal
